
Microsoft Visual Studio Solution File, Format Version 12.00
Project("{FAE04EC0-301F-11D3-BF4B-00C04F79EFBC}") = "FallChallengeAi", "FallChallengeAi\FallChallengeAi.csproj", "{80A8A8D0-5BD5-4DC8-B040-D1E0B6DA34FE}"
EndProject
Project("{FAE04EC0-301F-11D3-BF4B-00C04F79EFBC}") = "GraphDrawer", "GraphDrawer\GraphDrawer.csproj", "{4D802A00-6BBD-459C-A63C-A75D64C591F1}"
EndProject
Global
	GlobalSection(SolutionConfigurationPlatforms) = preSolution
		Debug|Any CPU = Debug|Any CPU
		Release|Any CPU = Release|Any CPU
	EndGlobalSection
	GlobalSection(ProjectConfigurationPlatforms) = postSolution
		{80A8A8D0-5BD5-4DC8-B040-D1E0B6DA34FE}.Debug|Any CPU.ActiveCfg = Debug|Any CPU
		{80A8A8D0-5BD5-4DC8-B040-D1E0B6DA34FE}.Debug|Any CPU.Build.0 = Debug|Any CPU
		{80A8A8D0-5BD5-4DC8-B040-D1E0B6DA34FE}.Release|Any CPU.ActiveCfg = Release|Any CPU
		{80A8A8D0-5BD5-4DC8-B040-D1E0B6DA34FE}.Release|Any CPU.Build.0 = Release|Any CPU
		{4D802A00-6BBD-459C-A63C-A75D64C591F1}.Debug|Any CPU.ActiveCfg = Debug|Any CPU
		{4D802A00-6BBD-459C-A63C-A75D64C591F1}.Debug|Any CPU.Build.0 = Debug|Any CPU
		{4D802A00-6BBD-459C-A63C-A75D64C591F1}.Release|Any CPU.ActiveCfg = Release|Any CPU
		{4D802A00-6BBD-459C-A63C-A75D64C591F1}.Release|Any CPU.Build.0 = Release|Any CPU
	EndGlobalSection
EndGlobal
